
Microsoft Visual Studio Solution File, Format Version 12.00
Project("{FAE04EC0-301F-11D3-BF4B-00C04F79EFBC}") = "SONDA", "SONDA\SONDA.csproj", "{B0FEE57F-796D-42BC-BA8A-0B503B3560CD}"
EndProject
Global
	GlobalSection(SolutionConfigurationPlatforms) = preSolution
		Debug|Any CPU = Debug|Any CPU
		Release|Any CPU = Release|Any CPU
	EndGlobalSection
	GlobalSection(ProjectConfigurationPlatforms) = postSolution
		{B0FEE57F-796D-42BC-BA8A-0B503B3560CD}.Debug|Any CPU.ActiveCfg = Debug|Any CPU
		{B0FEE57F-796D-42BC-BA8A-0B503B3560CD}.Debug|Any CPU.Build.0 = Debug|Any CPU
		{B0FEE57F-796D-42BC-BA8A-0B503B3560CD}.Release|Any CPU.ActiveCfg = Release|Any CPU
		{B0FEE57F-796D-42BC-BA8A-0B503B3560CD}.Release|Any CPU.Build.0 = Release|Any CPU
	EndGlobalSection
EndGlobal
